
Microsoft Visual Studio Solution File, Format Version 12.00
# Visual Studio 15
VisualStudioVersion = 15.0.28010.2036
MinimumVisualStudioVersion = 10.0.40219.1
Project("{FAE04EC0-301F-11D3-BF4B-00C04F79EFBC}") = "area_server", "area_server\area_server.csproj", "{F510CE4F-1733-4CFC-AF7A-F82AB70F1FD1}"
EndProject
Global
	GlobalSection(SolutionConfigurationPlatforms) = preSolution
		Debug|Any CPU = Debug|Any CPU
		Release|Any CPU = Release|Any CPU
	EndGlobalSection
	GlobalSection(ProjectConfigurationPlatforms) = postSolution
		{F510CE4F-1733-4CFC-AF7A-F82AB70F1FD1}.Debug|Any CPU.ActiveCfg = Debug|Any CPU
		{F510CE4F-1733-4CFC-AF7A-F82AB70F1FD1}.Debug|Any CPU.Build.0 = Debug|Any CPU
		{F510CE4F-1733-4CFC-AF7A-F82AB70F1FD1}.Release|Any CPU.ActiveCfg = Release|Any CPU
		{F510CE4F-1733-4CFC-AF7A-F82AB70F1FD1}.Release|Any CPU.Build.0 = Release|Any CPU
	EndGlobalSection
	GlobalSection(SolutionProperties) = preSolution
		HideSolutionNode = FALSE
	EndGlobalSection
	GlobalSection(ExtensibilityGlobals) = postSolution
		SolutionGuid = {154F024D-7F02-464E-A0D7-C0B329BB42D9}
	EndGlobalSection
EndGlobal
